
Microsoft Visual Studio Solution File, Format Version 12.00
# Visual Studio Version 17
VisualStudioVersion = 17.2.32630.192
MinimumVisualStudioVersion = 10.0.40219.1
Project("{FAE04EC0-301F-11D3-BF4B-00C04F79EFBC}") = "H15_PizzaKonfigurator", "H15_PizzaKonfigurator\H15_PizzaKonfigurator.csproj", "{D3FE0137-AC07-4A1D-A4AB-931E9BF247CD}"
EndProject
Global
	GlobalSection(SolutionConfigurationPlatforms) = preSolution
		Debug|Any CPU = Debug|Any CPU
		Release|Any CPU = Release|Any CPU
	EndGlobalSection
	GlobalSection(ProjectConfigurationPlatforms) = postSolution
		{D3FE0137-AC07-4A1D-A4AB-931E9BF247CD}.Debug|Any CPU.ActiveCfg = Debug|Any CPU
		{D3FE0137-AC07-4A1D-A4AB-931E9BF247CD}.Debug|Any CPU.Build.0 = Debug|Any CPU
		{D3FE0137-AC07-4A1D-A4AB-931E9BF247CD}.Release|Any CPU.ActiveCfg = Release|Any CPU
		{D3FE0137-AC07-4A1D-A4AB-931E9BF247CD}.Release|Any CPU.Build.0 = Release|Any CPU
	EndGlobalSection
	GlobalSection(SolutionProperties) = preSolution
		HideSolutionNode = FALSE
	EndGlobalSection
	GlobalSection(ExtensibilityGlobals) = postSolution
		SolutionGuid = {657E74A9-714A-4802-B416-1D26FA8FE54B}
	EndGlobalSection
EndGlobal
