
Microsoft Visual Studio Solution File, Format Version 12.00
# Visual Studio Version 16
VisualStudioVersion = 16.0.29318.209
MinimumVisualStudioVersion = 10.0.40219.1
Project("{FAE04EC0-301F-11D3-BF4B-00C04F79EFBC}") = "Test1", "Test1\Test1.csproj", "{FC8ADD97-AC97-4441-ADFF-DB13A0BA3ED0}"
EndProject
Global
	GlobalSection(SolutionConfigurationPlatforms) = preSolution
		Debug|Any CPU = Debug|Any CPU
		Release|Any CPU = Release|Any CPU
	EndGlobalSection
	GlobalSection(ProjectConfigurationPlatforms) = postSolution
		{FC8ADD97-AC97-4441-ADFF-DB13A0BA3ED0}.Debug|Any CPU.ActiveCfg = Debug|Any CPU
		{FC8ADD97-AC97-4441-ADFF-DB13A0BA3ED0}.Debug|Any CPU.Build.0 = Debug|Any CPU
		{FC8ADD97-AC97-4441-ADFF-DB13A0BA3ED0}.Release|Any CPU.ActiveCfg = Release|Any CPU
		{FC8ADD97-AC97-4441-ADFF-DB13A0BA3ED0}.Release|Any CPU.Build.0 = Release|Any CPU
	EndGlobalSection
	GlobalSection(SolutionProperties) = preSolution
		HideSolutionNode = FALSE
	EndGlobalSection
	GlobalSection(ExtensibilityGlobals) = postSolution
		SolutionGuid = {F6B41C71-17E3-48B8-BDE9-4F8C2CC34555}
	EndGlobalSection
EndGlobal
