
Microsoft Visual Studio Solution File, Format Version 12.00
# Visual Studio Version 16
VisualStudioVersion = 16.0.31702.278
MinimumVisualStudioVersion = 10.0.40219.1
Project("{FAE04EC0-301F-11D3-BF4B-00C04F79EFBC}") = "Übung 11 Celsius Fahrenheit Konverter", "Übung 11 Celsius Fahrenheit Konverter\Übung 11 Celsius Fahrenheit Konverter.csproj", "{E5E7BA95-626D-4A86-893B-AC24C451BF31}"
EndProject
Global
	GlobalSection(SolutionConfigurationPlatforms) = preSolution
		Debug|Any CPU = Debug|Any CPU
		Release|Any CPU = Release|Any CPU
	EndGlobalSection
	GlobalSection(ProjectConfigurationPlatforms) = postSolution
		{E5E7BA95-626D-4A86-893B-AC24C451BF31}.Debug|Any CPU.ActiveCfg = Debug|Any CPU
		{E5E7BA95-626D-4A86-893B-AC24C451BF31}.Debug|Any CPU.Build.0 = Debug|Any CPU
		{E5E7BA95-626D-4A86-893B-AC24C451BF31}.Release|Any CPU.ActiveCfg = Release|Any CPU
		{E5E7BA95-626D-4A86-893B-AC24C451BF31}.Release|Any CPU.Build.0 = Release|Any CPU
	EndGlobalSection
	GlobalSection(SolutionProperties) = preSolution
		HideSolutionNode = FALSE
	EndGlobalSection
	GlobalSection(ExtensibilityGlobals) = postSolution
		SolutionGuid = {89EAFEF5-4272-42AD-AAD8-3420AA0654B7}
	EndGlobalSection
EndGlobal
