
Microsoft Visual Studio Solution File, Format Version 12.00
# Visual Studio Version 16
VisualStudioVersion = 16.0.31702.278
MinimumVisualStudioVersion = 10.0.40219.1
Project("{FAE04EC0-301F-11D3-BF4B-00C04F79EFBC}") = "Uebung04_GerechtesTeilen", "Uebung04_GerechtesTeilen\Uebung04_GerechtesTeilen.csproj", "{FF9C7256-4B6A-44D2-8AC9-5CE04FE71140}"
EndProject
Global
	GlobalSection(SolutionConfigurationPlatforms) = preSolution
		Debug|Any CPU = Debug|Any CPU
		Release|Any CPU = Release|Any CPU
	EndGlobalSection
	GlobalSection(ProjectConfigurationPlatforms) = postSolution
		{FF9C7256-4B6A-44D2-8AC9-5CE04FE71140}.Debug|Any CPU.ActiveCfg = Debug|Any CPU
		{FF9C7256-4B6A-44D2-8AC9-5CE04FE71140}.Debug|Any CPU.Build.0 = Debug|Any CPU
		{FF9C7256-4B6A-44D2-8AC9-5CE04FE71140}.Release|Any CPU.ActiveCfg = Release|Any CPU
		{FF9C7256-4B6A-44D2-8AC9-5CE04FE71140}.Release|Any CPU.Build.0 = Release|Any CPU
	EndGlobalSection
	GlobalSection(SolutionProperties) = preSolution
		HideSolutionNode = FALSE
	EndGlobalSection
	GlobalSection(ExtensibilityGlobals) = postSolution
		SolutionGuid = {EA8EC204-770F-4AD3-85F0-F84D22B85032}
	EndGlobalSection
EndGlobal
