
Microsoft Visual Studio Solution File, Format Version 12.00
# Visual Studio Version 17
VisualStudioVersion = 17.1.32228.430
MinimumVisualStudioVersion = 10.0.40219.1
Project("{FAE04EC0-301F-11D3-BF4B-00C04F79EFBC}") = "Uebung44_HitTheJackpot", "Uebung44_HitTheJackpot\Uebung44_HitTheJackpot.csproj", "{1E65FAD7-8EE3-4C12-AA6E-2FC3F1AF7A25}"
EndProject
Global
	GlobalSection(SolutionConfigurationPlatforms) = preSolution
		Debug|Any CPU = Debug|Any CPU
		Release|Any CPU = Release|Any CPU
	EndGlobalSection
	GlobalSection(ProjectConfigurationPlatforms) = postSolution
		{1E65FAD7-8EE3-4C12-AA6E-2FC3F1AF7A25}.Debug|Any CPU.ActiveCfg = Debug|Any CPU
		{1E65FAD7-8EE3-4C12-AA6E-2FC3F1AF7A25}.Debug|Any CPU.Build.0 = Debug|Any CPU
		{1E65FAD7-8EE3-4C12-AA6E-2FC3F1AF7A25}.Release|Any CPU.ActiveCfg = Release|Any CPU
		{1E65FAD7-8EE3-4C12-AA6E-2FC3F1AF7A25}.Release|Any CPU.Build.0 = Release|Any CPU
	EndGlobalSection
	GlobalSection(SolutionProperties) = preSolution
		HideSolutionNode = FALSE
	EndGlobalSection
	GlobalSection(ExtensibilityGlobals) = postSolution
		SolutionGuid = {8E46D3F3-3EBE-41E4-B9CE-42358AFDD1A4}
	EndGlobalSection
EndGlobal
