
Microsoft Visual Studio Solution File, Format Version 12.00
# Visual Studio Version 17
VisualStudioVersion = 17.2.32630.192
MinimumVisualStudioVersion = 10.0.40219.1
Project("{FAE04EC0-301F-11D3-BF4B-00C04F79EFBC}") = "H01_Body_Mass_Index_WPF", "H01_Body_Mass_Index_WPF\H01_Body_Mass_Index_WPF.csproj", "{5EF9F1DB-1BBD-4A48-B947-5FF9AAA99F34}"
EndProject
Global
	GlobalSection(SolutionConfigurationPlatforms) = preSolution
		Debug|Any CPU = Debug|Any CPU
		Release|Any CPU = Release|Any CPU
	EndGlobalSection
	GlobalSection(ProjectConfigurationPlatforms) = postSolution
		{5EF9F1DB-1BBD-4A48-B947-5FF9AAA99F34}.Debug|Any CPU.ActiveCfg = Debug|Any CPU
		{5EF9F1DB-1BBD-4A48-B947-5FF9AAA99F34}.Debug|Any CPU.Build.0 = Debug|Any CPU
		{5EF9F1DB-1BBD-4A48-B947-5FF9AAA99F34}.Release|Any CPU.ActiveCfg = Release|Any CPU
		{5EF9F1DB-1BBD-4A48-B947-5FF9AAA99F34}.Release|Any CPU.Build.0 = Release|Any CPU
	EndGlobalSection
	GlobalSection(SolutionProperties) = preSolution
		HideSolutionNode = FALSE
	EndGlobalSection
	GlobalSection(ExtensibilityGlobals) = postSolution
		SolutionGuid = {44535340-402B-4A90-B207-DE92C3E037DD}
	EndGlobalSection
EndGlobal
