
Microsoft Visual Studio Solution File, Format Version 12.00
# Visual Studio Version 17
VisualStudioVersion = 17.1.32228.430
MinimumVisualStudioVersion = 10.0.40219.1
Project("{FAE04EC0-301F-11D3-BF4B-00C04F79EFBC}") = "Uebung046_VorbereitungArrayAlgor", "Uebung046_VorbereitungArrayAlgor\Uebung046_VorbereitungArrayAlgor.csproj", "{52080754-ACA2-4727-936F-57FBC5F2B183}"
EndProject
Global
	GlobalSection(SolutionConfigurationPlatforms) = preSolution
		Debug|Any CPU = Debug|Any CPU
		Release|Any CPU = Release|Any CPU
	EndGlobalSection
	GlobalSection(ProjectConfigurationPlatforms) = postSolution
		{52080754-ACA2-4727-936F-57FBC5F2B183}.Debug|Any CPU.ActiveCfg = Debug|Any CPU
		{52080754-ACA2-4727-936F-57FBC5F2B183}.Debug|Any CPU.Build.0 = Debug|Any CPU
		{52080754-ACA2-4727-936F-57FBC5F2B183}.Release|Any CPU.ActiveCfg = Release|Any CPU
		{52080754-ACA2-4727-936F-57FBC5F2B183}.Release|Any CPU.Build.0 = Release|Any CPU
	EndGlobalSection
	GlobalSection(SolutionProperties) = preSolution
		HideSolutionNode = FALSE
	EndGlobalSection
	GlobalSection(ExtensibilityGlobals) = postSolution
		SolutionGuid = {569F48B4-7315-4E51-90E2-5B64A74A6051}
	EndGlobalSection
EndGlobal
