
Microsoft Visual Studio Solution File, Format Version 12.00
# Visual Studio Version 16
VisualStudioVersion = 16.0.31702.278
MinimumVisualStudioVersion = 10.0.40219.1
Project("{FAE04EC0-301F-11D3-BF4B-00C04F79EFBC}") = "Hausratversicherung 01.12.21", "Hausratversicherung 01.12.21\Hausratversicherung 01.12.21.csproj", "{D0D8C9B3-4337-4B9E-BA8D-99D4B791F88A}"
EndProject
Global
	GlobalSection(SolutionConfigurationPlatforms) = preSolution
		Debug|Any CPU = Debug|Any CPU
		Release|Any CPU = Release|Any CPU
	EndGlobalSection
	GlobalSection(ProjectConfigurationPlatforms) = postSolution
		{D0D8C9B3-4337-4B9E-BA8D-99D4B791F88A}.Debug|Any CPU.ActiveCfg = Debug|Any CPU
		{D0D8C9B3-4337-4B9E-BA8D-99D4B791F88A}.Debug|Any CPU.Build.0 = Debug|Any CPU
		{D0D8C9B3-4337-4B9E-BA8D-99D4B791F88A}.Release|Any CPU.ActiveCfg = Release|Any CPU
		{D0D8C9B3-4337-4B9E-BA8D-99D4B791F88A}.Release|Any CPU.Build.0 = Release|Any CPU
	EndGlobalSection
	GlobalSection(SolutionProperties) = preSolution
		HideSolutionNode = FALSE
	EndGlobalSection
	GlobalSection(ExtensibilityGlobals) = postSolution
		SolutionGuid = {FB12F3C7-EADE-4835-BCE7-335AE387B7C7}
	EndGlobalSection
EndGlobal
