
Microsoft Visual Studio Solution File, Format Version 12.00
# Visual Studio Version 17
VisualStudioVersion = 17.2.32630.192
MinimumVisualStudioVersion = 10.0.40219.1
Project("{FAE04EC0-301F-11D3-BF4B-00C04F79EFBC}") = "Uebung56_Hausverwaltung", "Uebung56_Hausverwaltung\Uebung56_Hausverwaltung.csproj", "{F994026E-E839-4A3D-8E74-2F62936A100A}"
EndProject
Global
	GlobalSection(SolutionConfigurationPlatforms) = preSolution
		Debug|Any CPU = Debug|Any CPU
		Release|Any CPU = Release|Any CPU
	EndGlobalSection
	GlobalSection(ProjectConfigurationPlatforms) = postSolution
		{F994026E-E839-4A3D-8E74-2F62936A100A}.Debug|Any CPU.ActiveCfg = Debug|Any CPU
		{F994026E-E839-4A3D-8E74-2F62936A100A}.Debug|Any CPU.Build.0 = Debug|Any CPU
		{F994026E-E839-4A3D-8E74-2F62936A100A}.Release|Any CPU.ActiveCfg = Release|Any CPU
		{F994026E-E839-4A3D-8E74-2F62936A100A}.Release|Any CPU.Build.0 = Release|Any CPU
	EndGlobalSection
	GlobalSection(SolutionProperties) = preSolution
		HideSolutionNode = FALSE
	EndGlobalSection
	GlobalSection(ExtensibilityGlobals) = postSolution
		SolutionGuid = {9F8C0D45-6B3F-40D5-9CFB-4A2CF795CEE8}
	EndGlobalSection
EndGlobal
