
Microsoft Visual Studio Solution File, Format Version 12.00
# Visual Studio Version 16
VisualStudioVersion = 16.0.31702.278
MinimumVisualStudioVersion = 10.0.40219.1
Project("{FAE04EC0-301F-11D3-BF4B-00C04F79EFBC}") = "Taschenrechner 1.12.21", "Taschenrechner 1.12.21\Taschenrechner 1.12.21.csproj", "{8832F78E-C593-46C1-B624-285723588356}"
EndProject
Global
	GlobalSection(SolutionConfigurationPlatforms) = preSolution
		Debug|Any CPU = Debug|Any CPU
		Release|Any CPU = Release|Any CPU
	EndGlobalSection
	GlobalSection(ProjectConfigurationPlatforms) = postSolution
		{8832F78E-C593-46C1-B624-285723588356}.Debug|Any CPU.ActiveCfg = Debug|Any CPU
		{8832F78E-C593-46C1-B624-285723588356}.Debug|Any CPU.Build.0 = Debug|Any CPU
		{8832F78E-C593-46C1-B624-285723588356}.Release|Any CPU.ActiveCfg = Release|Any CPU
		{8832F78E-C593-46C1-B624-285723588356}.Release|Any CPU.Build.0 = Release|Any CPU
	EndGlobalSection
	GlobalSection(SolutionProperties) = preSolution
		HideSolutionNode = FALSE
	EndGlobalSection
	GlobalSection(ExtensibilityGlobals) = postSolution
		SolutionGuid = {9A5990E1-E011-46B1-BAB6-D23F750C691E}
	EndGlobalSection
EndGlobal
