
Microsoft Visual Studio Solution File, Format Version 12.00
# Visual Studio Version 17
VisualStudioVersion = 17.2.32630.192
MinimumVisualStudioVersion = 10.0.40219.1
Project("{FAE04EC0-301F-11D3-BF4B-00C04F79EFBC}") = "Uebung62_Highscoreliste", "Uebung62_Highscoreliste\Uebung62_Highscoreliste.csproj", "{40DA7BFB-23F5-4B84-9094-DD99E996C107}"
EndProject
Global
	GlobalSection(SolutionConfigurationPlatforms) = preSolution
		Debug|Any CPU = Debug|Any CPU
		Release|Any CPU = Release|Any CPU
	EndGlobalSection
	GlobalSection(ProjectConfigurationPlatforms) = postSolution
		{40DA7BFB-23F5-4B84-9094-DD99E996C107}.Debug|Any CPU.ActiveCfg = Debug|Any CPU
		{40DA7BFB-23F5-4B84-9094-DD99E996C107}.Debug|Any CPU.Build.0 = Debug|Any CPU
		{40DA7BFB-23F5-4B84-9094-DD99E996C107}.Release|Any CPU.ActiveCfg = Release|Any CPU
		{40DA7BFB-23F5-4B84-9094-DD99E996C107}.Release|Any CPU.Build.0 = Release|Any CPU
	EndGlobalSection
	GlobalSection(SolutionProperties) = preSolution
		HideSolutionNode = FALSE
	EndGlobalSection
	GlobalSection(ExtensibilityGlobals) = postSolution
		SolutionGuid = {F37BC19A-08D1-49DB-BA00-C701CC259B0B}
	EndGlobalSection
EndGlobal
