
Microsoft Visual Studio Solution File, Format Version 12.00
# Visual Studio Version 17
VisualStudioVersion = 17.1.32228.430
MinimumVisualStudioVersion = 10.0.40219.1
Project("{FAE04EC0-301F-11D3-BF4B-00C04F79EFBC}") = "Uebung039_Fahrtenbuch", "Uebung039_Fahrtenbuch\Uebung039_Fahrtenbuch.csproj", "{E7E18F96-45CB-4E87-8986-6D7D7D6ED203}"
EndProject
Global
	GlobalSection(SolutionConfigurationPlatforms) = preSolution
		Debug|Any CPU = Debug|Any CPU
		Release|Any CPU = Release|Any CPU
	EndGlobalSection
	GlobalSection(ProjectConfigurationPlatforms) = postSolution
		{E7E18F96-45CB-4E87-8986-6D7D7D6ED203}.Debug|Any CPU.ActiveCfg = Debug|Any CPU
		{E7E18F96-45CB-4E87-8986-6D7D7D6ED203}.Debug|Any CPU.Build.0 = Debug|Any CPU
		{E7E18F96-45CB-4E87-8986-6D7D7D6ED203}.Release|Any CPU.ActiveCfg = Release|Any CPU
		{E7E18F96-45CB-4E87-8986-6D7D7D6ED203}.Release|Any CPU.Build.0 = Release|Any CPU
	EndGlobalSection
	GlobalSection(SolutionProperties) = preSolution
		HideSolutionNode = FALSE
	EndGlobalSection
	GlobalSection(ExtensibilityGlobals) = postSolution
		SolutionGuid = {57D120FA-B086-442A-87F1-F7B839534D27}
	EndGlobalSection
EndGlobal
