
Microsoft Visual Studio Solution File, Format Version 12.00
# Visual Studio Version 16
VisualStudioVersion = 16.0.29318.209
MinimumVisualStudioVersion = 10.0.40219.1
Project("{FAE04EC0-301F-11D3-BF4B-00C04F79EFBC}") = "ConsoleApp1", "ConsoleApp1\ConsoleApp1.csproj", "{FAA599AF-60C0-420B-99A7-202EB0147A16}"
EndProject
Global
	GlobalSection(SolutionConfigurationPlatforms) = preSolution
		Debug|Any CPU = Debug|Any CPU
		Release|Any CPU = Release|Any CPU
	EndGlobalSection
	GlobalSection(ProjectConfigurationPlatforms) = postSolution
		{FAA599AF-60C0-420B-99A7-202EB0147A16}.Debug|Any CPU.ActiveCfg = Debug|Any CPU
		{FAA599AF-60C0-420B-99A7-202EB0147A16}.Debug|Any CPU.Build.0 = Debug|Any CPU
		{FAA599AF-60C0-420B-99A7-202EB0147A16}.Release|Any CPU.ActiveCfg = Release|Any CPU
		{FAA599AF-60C0-420B-99A7-202EB0147A16}.Release|Any CPU.Build.0 = Release|Any CPU
	EndGlobalSection
	GlobalSection(SolutionProperties) = preSolution
		HideSolutionNode = FALSE
	EndGlobalSection
	GlobalSection(ExtensibilityGlobals) = postSolution
		SolutionGuid = {B6350CED-6BCE-46AF-A3DE-521EC82E9776}
	EndGlobalSection
EndGlobal
