
Microsoft Visual Studio Solution File, Format Version 12.00
# Visual Studio Version 17
VisualStudioVersion = 17.2.32630.192
MinimumVisualStudioVersion = 10.0.40219.1
Project("{FAE04EC0-301F-11D3-BF4B-00C04F79EFBC}") = "Uebung57_ListUndListMethoden", "Uebung57_ListUndListMethoden\Uebung57_ListUndListMethoden.csproj", "{D76248B4-93CC-4836-9CFA-545F608DB0AF}"
EndProject
Global
	GlobalSection(SolutionConfigurationPlatforms) = preSolution
		Debug|Any CPU = Debug|Any CPU
		Release|Any CPU = Release|Any CPU
	EndGlobalSection
	GlobalSection(ProjectConfigurationPlatforms) = postSolution
		{D76248B4-93CC-4836-9CFA-545F608DB0AF}.Debug|Any CPU.ActiveCfg = Debug|Any CPU
		{D76248B4-93CC-4836-9CFA-545F608DB0AF}.Debug|Any CPU.Build.0 = Debug|Any CPU
		{D76248B4-93CC-4836-9CFA-545F608DB0AF}.Release|Any CPU.ActiveCfg = Release|Any CPU
		{D76248B4-93CC-4836-9CFA-545F608DB0AF}.Release|Any CPU.Build.0 = Release|Any CPU
	EndGlobalSection
	GlobalSection(SolutionProperties) = preSolution
		HideSolutionNode = FALSE
	EndGlobalSection
	GlobalSection(ExtensibilityGlobals) = postSolution
		SolutionGuid = {EF7284B0-C2EF-4B7D-B759-E072683C41BE}
	EndGlobalSection
EndGlobal
