
Microsoft Visual Studio Solution File, Format Version 12.00
# Visual Studio Version 17
VisualStudioVersion = 17.2.32630.192
MinimumVisualStudioVersion = 10.0.40219.1
Project("{FAE04EC0-301F-11D3-BF4B-00C04F79EFBC}") = "Uebung59_Koenigreich", "Uebung59_Koenigreich\Uebung59_Koenigreich.csproj", "{C197E58C-D603-4AEA-A0F9-4228F1526569}"
EndProject
Global
	GlobalSection(SolutionConfigurationPlatforms) = preSolution
		Debug|Any CPU = Debug|Any CPU
		Release|Any CPU = Release|Any CPU
	EndGlobalSection
	GlobalSection(ProjectConfigurationPlatforms) = postSolution
		{C197E58C-D603-4AEA-A0F9-4228F1526569}.Debug|Any CPU.ActiveCfg = Debug|Any CPU
		{C197E58C-D603-4AEA-A0F9-4228F1526569}.Debug|Any CPU.Build.0 = Debug|Any CPU
		{C197E58C-D603-4AEA-A0F9-4228F1526569}.Release|Any CPU.ActiveCfg = Release|Any CPU
		{C197E58C-D603-4AEA-A0F9-4228F1526569}.Release|Any CPU.Build.0 = Release|Any CPU
	EndGlobalSection
	GlobalSection(SolutionProperties) = preSolution
		HideSolutionNode = FALSE
	EndGlobalSection
	GlobalSection(ExtensibilityGlobals) = postSolution
		SolutionGuid = {0E8D25CA-FE20-40CC-AC9F-75D00AA64F1C}
	EndGlobalSection
EndGlobal
