
Microsoft Visual Studio Solution File, Format Version 12.00
# Visual Studio Version 16
VisualStudioVersion = 16.0.31702.278
MinimumVisualStudioVersion = 10.0.40219.1
Project("{FAE04EC0-301F-11D3-BF4B-00C04F79EFBC}") = "Uebung13_Absolutwert", "Uebung13_Absolutwert\Uebung13_Absolutwert.csproj", "{970CAB8F-837A-458B-BD9D-796A2424CEFD}"
EndProject
Global
	GlobalSection(SolutionConfigurationPlatforms) = preSolution
		Debug|Any CPU = Debug|Any CPU
		Release|Any CPU = Release|Any CPU
	EndGlobalSection
	GlobalSection(ProjectConfigurationPlatforms) = postSolution
		{970CAB8F-837A-458B-BD9D-796A2424CEFD}.Debug|Any CPU.ActiveCfg = Debug|Any CPU
		{970CAB8F-837A-458B-BD9D-796A2424CEFD}.Debug|Any CPU.Build.0 = Debug|Any CPU
		{970CAB8F-837A-458B-BD9D-796A2424CEFD}.Release|Any CPU.ActiveCfg = Release|Any CPU
		{970CAB8F-837A-458B-BD9D-796A2424CEFD}.Release|Any CPU.Build.0 = Release|Any CPU
	EndGlobalSection
	GlobalSection(SolutionProperties) = preSolution
		HideSolutionNode = FALSE
	EndGlobalSection
	GlobalSection(ExtensibilityGlobals) = postSolution
		SolutionGuid = {AD858AD3-6FD9-4AB5-859F-F25D96069F45}
	EndGlobalSection
EndGlobal
