
Microsoft Visual Studio Solution File, Format Version 12.00
# Visual Studio Version 17
VisualStudioVersion = 17.1.32228.430
MinimumVisualStudioVersion = 10.0.40219.1
Project("{FAE04EC0-301F-11D3-BF4B-00C04F79EFBC}") = "Uebung041_KopierenUndVergleichen", "Uebung041_KopierenUndVergleichen\Uebung041_KopierenUndVergleichen.csproj", "{7A1B6429-E9E5-4CD9-B3ED-B3BECC5648FA}"
EndProject
Global
	GlobalSection(SolutionConfigurationPlatforms) = preSolution
		Debug|Any CPU = Debug|Any CPU
		Release|Any CPU = Release|Any CPU
	EndGlobalSection
	GlobalSection(ProjectConfigurationPlatforms) = postSolution
		{7A1B6429-E9E5-4CD9-B3ED-B3BECC5648FA}.Debug|Any CPU.ActiveCfg = Debug|Any CPU
		{7A1B6429-E9E5-4CD9-B3ED-B3BECC5648FA}.Debug|Any CPU.Build.0 = Debug|Any CPU
		{7A1B6429-E9E5-4CD9-B3ED-B3BECC5648FA}.Release|Any CPU.ActiveCfg = Release|Any CPU
		{7A1B6429-E9E5-4CD9-B3ED-B3BECC5648FA}.Release|Any CPU.Build.0 = Release|Any CPU
	EndGlobalSection
	GlobalSection(SolutionProperties) = preSolution
		HideSolutionNode = FALSE
	EndGlobalSection
	GlobalSection(ExtensibilityGlobals) = postSolution
		SolutionGuid = {0109424E-02CB-4448-A863-35B16B5594BD}
	EndGlobalSection
EndGlobal
