
Microsoft Visual Studio Solution File, Format Version 12.00
# Visual Studio Version 17
VisualStudioVersion = 17.2.32630.192
MinimumVisualStudioVersion = 10.0.40219.1
Project("{FAE04EC0-301F-11D3-BF4B-00C04F79EFBC}") = "HangmanGame", "HangmanGame\HangmanGame.csproj", "{5F6FA6D9-17E6-4F83-913B-155C6D3D2888}"
EndProject
Global
	GlobalSection(SolutionConfigurationPlatforms) = preSolution
		Debug|Any CPU = Debug|Any CPU
		Release|Any CPU = Release|Any CPU
	EndGlobalSection
	GlobalSection(ProjectConfigurationPlatforms) = postSolution
		{5F6FA6D9-17E6-4F83-913B-155C6D3D2888}.Debug|Any CPU.ActiveCfg = Debug|Any CPU
		{5F6FA6D9-17E6-4F83-913B-155C6D3D2888}.Debug|Any CPU.Build.0 = Debug|Any CPU
		{5F6FA6D9-17E6-4F83-913B-155C6D3D2888}.Release|Any CPU.ActiveCfg = Release|Any CPU
		{5F6FA6D9-17E6-4F83-913B-155C6D3D2888}.Release|Any CPU.Build.0 = Release|Any CPU
	EndGlobalSection
	GlobalSection(SolutionProperties) = preSolution
		HideSolutionNode = FALSE
	EndGlobalSection
	GlobalSection(ExtensibilityGlobals) = postSolution
		SolutionGuid = {94E8C6AF-B457-422A-928A-36F93015A1D6}
	EndGlobalSection
EndGlobal
