
Microsoft Visual Studio Solution File, Format Version 12.00
# Visual Studio Version 16
VisualStudioVersion = 16.0.29318.209
MinimumVisualStudioVersion = 10.0.40219.1
Project("{FAE04EC0-301F-11D3-BF4B-00C04F79EFBC}") = "Projekttest1", "Projekttest1\Projekttest1.csproj", "{1AEA65BE-BBDB-4EC1-B080-9E3036A37EF7}"
EndProject
Global
	GlobalSection(SolutionConfigurationPlatforms) = preSolution
		Debug|Any CPU = Debug|Any CPU
		Release|Any CPU = Release|Any CPU
	EndGlobalSection
	GlobalSection(ProjectConfigurationPlatforms) = postSolution
		{1AEA65BE-BBDB-4EC1-B080-9E3036A37EF7}.Debug|Any CPU.ActiveCfg = Debug|Any CPU
		{1AEA65BE-BBDB-4EC1-B080-9E3036A37EF7}.Debug|Any CPU.Build.0 = Debug|Any CPU
		{1AEA65BE-BBDB-4EC1-B080-9E3036A37EF7}.Release|Any CPU.ActiveCfg = Release|Any CPU
		{1AEA65BE-BBDB-4EC1-B080-9E3036A37EF7}.Release|Any CPU.Build.0 = Release|Any CPU
	EndGlobalSection
	GlobalSection(SolutionProperties) = preSolution
		HideSolutionNode = FALSE
	EndGlobalSection
	GlobalSection(ExtensibilityGlobals) = postSolution
		SolutionGuid = {0EC5DE39-1BEE-42A6-8017-4CB3F66B1AF4}
	EndGlobalSection
EndGlobal
