
Microsoft Visual Studio Solution File, Format Version 12.00
# Visual Studio Version 16
VisualStudioVersion = 16.0.29709.97
MinimumVisualStudioVersion = 10.0.40219.1
Project("{8BC9CEB8-8B4A-11D0-8D11-00A0C91BC942}") = "Schaltjahr", "Schaltjahr\Schaltjahr.vcxproj", "{A7AE2E67-54EF-428B-BC27-5276206CE0C3}"
EndProject
Global
	GlobalSection(SolutionConfigurationPlatforms) = preSolution
		Debug|x64 = Debug|x64
		Debug|x86 = Debug|x86
		Release|x64 = Release|x64
		Release|x86 = Release|x86
	EndGlobalSection
	GlobalSection(ProjectConfigurationPlatforms) = postSolution
		{A7AE2E67-54EF-428B-BC27-5276206CE0C3}.Debug|x64.ActiveCfg = Debug|x64
		{A7AE2E67-54EF-428B-BC27-5276206CE0C3}.Debug|x64.Build.0 = Debug|x64
		{A7AE2E67-54EF-428B-BC27-5276206CE0C3}.Debug|x86.ActiveCfg = Debug|Win32
		{A7AE2E67-54EF-428B-BC27-5276206CE0C3}.Debug|x86.Build.0 = Debug|Win32
		{A7AE2E67-54EF-428B-BC27-5276206CE0C3}.Release|x64.ActiveCfg = Release|x64
		{A7AE2E67-54EF-428B-BC27-5276206CE0C3}.Release|x64.Build.0 = Release|x64
		{A7AE2E67-54EF-428B-BC27-5276206CE0C3}.Release|x86.ActiveCfg = Release|Win32
		{A7AE2E67-54EF-428B-BC27-5276206CE0C3}.Release|x86.Build.0 = Release|Win32
	EndGlobalSection
	GlobalSection(SolutionProperties) = preSolution
		HideSolutionNode = FALSE
	EndGlobalSection
	GlobalSection(ExtensibilityGlobals) = postSolution
		SolutionGuid = {3FCB723C-7360-4B81-8CBE-B107867CBDA5}
	EndGlobalSection
EndGlobal
